
Microsoft Visual Studio Solution File, Format Version 12.00
# Visual Studio Version 16
VisualStudioVersion = 16.0.28803.202
MinimumVisualStudioVersion = 10.0.40219.1
Project("{FAE04EC0-301F-11D3-BF4B-00C04F79EFBC}") = "LibraryBackend", "LibraryBackend\LibraryBackend.csproj", "{29BB0D85-6F59-425B-9CFB-9C7C3B7BC568}"
EndProject
Global
	GlobalSection(SolutionConfigurationPlatforms) = preSolution
		Debug|Any CPU = Debug|Any CPU
		Release|Any CPU = Release|Any CPU
	EndGlobalSection
	GlobalSection(ProjectConfigurationPlatforms) = postSolution
		{29BB0D85-6F59-425B-9CFB-9C7C3B7BC568}.Debug|Any CPU.ActiveCfg = Debug|Any CPU
		{29BB0D85-6F59-425B-9CFB-9C7C3B7BC568}.Debug|Any CPU.Build.0 = Debug|Any CPU
		{29BB0D85-6F59-425B-9CFB-9C7C3B7BC568}.Release|Any CPU.ActiveCfg = Release|Any CPU
		{29BB0D85-6F59-425B-9CFB-9C7C3B7BC568}.Release|Any CPU.Build.0 = Release|Any CPU
	EndGlobalSection
	GlobalSection(SolutionProperties) = preSolution
		HideSolutionNode = FALSE
	EndGlobalSection
	GlobalSection(ExtensibilityGlobals) = postSolution
		SolutionGuid = {F543D6D4-569D-4DAF-B60A-4BA3660EBEAE}
	EndGlobalSection
EndGlobal
